// !$*UTF8*$!
{
	archiveVersion = 1;
	classes = {
	};
	objectVersion = 56;
	objects = {

/* Begin PBXBuildFile section */
		A207C22F2C3E859900F0B9A1 /* WeatherAppApp.swift in Sources */ = {isa = PBXBuildFile; fileRef = A207C22E2C3E859900F0B9A1 /* WeatherAppApp.swift */; };
		A207C2312C3E859900F0B9A1 /* ContentView.swift in Sources */ = {isa = PBXBuildFile; fileRef = A207C2302C3E859900F0B9A1 /* ContentView.swift */; };
		A207C2332C3E859B00F0B9A1 /* Assets.xcassets in Resources */ = {isa = PBXBuildFile; fileRef = A207C2322C3E859B00F0B9A1 /* Assets.xcassets */; };
		A207C2362C3E859B00F0B9A1 /* Preview Assets.xcassets in Resources */ = {isa = PBXBuildFile; fileRef = A207C2352C3E859B00F0B9A1 /* Preview Assets.xcassets */; };
		A207C2402C3E859B00F0B9A1 /* WeatherAppTests.swift in Sources */ = {isa = PBXBuildFile; fileRef = A207C23F2C3E859B00F0B9A1 /* WeatherAppTests.swift */; };
		A207C24A2C3E859B00F0B9A1 /* WeatherAppUITests.swift in Sources */ = {isa = PBXBuildFile; fileRef = A207C2492C3E859B00F0B9A1 /* WeatherAppUITests.swift */; };
		A207C24C2C3E859B00F0B9A1 /* WeatherAppUITestsLaunchTests.swift in Sources */ = {isa = PBXBuildFile; fileRef = A207C24B2C3E859B00F0B9A1 /* WeatherAppUITestsLaunchTests.swift */; };
		A207C2A42C40D2E200F0B9A1 /* WeatherViewModel.swift in Sources */ = {isa = PBXBuildFile; fileRef = A207C2A32C40D2E200F0B9A1 /* WeatherViewModel.swift */; };
		A207C2A62C40D2EC00F0B9A1 /* LocationViewModel.swift in Sources */ = {isa = PBXBuildFile; fileRef = A207C2A52C40D2EC00F0B9A1 /* LocationViewModel.swift */; };
		A207C2A92C40D30800F0B9A1 /* WeatherModel.swift in Sources */ = {isa = PBXBuildFile; fileRef = A207C2A82C40D30800F0B9A1 /* WeatherModel.swift */; };
		A207C2AD2C40D33800F0B9A1 /* LocationManager.swift in Sources */ = {isa = PBXBuildFile; fileRef = A207C2AC2C40D33800F0B9A1 /* LocationManager.swift */; };
		A207C2AF2C40D36900F0B9A1 /* WeatherServiceProtocol.swift in Sources */ = {isa = PBXBuildFile; fileRef = A207C2AE2C40D36900F0B9A1 /* WeatherServiceProtocol.swift */; };
		A207C2B32C40D38600F0B9A1 /* WeatherService.swift in Sources */ = {isa = PBXBuildFile; fileRef = A207C2B22C40D38600F0B9A1 /* WeatherService.swift */; };
/* End PBXBuildFile section */

/* Begin PBXContainerItemProxy section */
		A207C23C2C3E859B00F0B9A1 /* PBXContainerItemProxy */ = {
			isa = PBXContainerItemProxy;
			containerPortal = A207C2232C3E859900F0B9A1 /* Project object */;
			proxyType = 1;
			remoteGlobalIDString = A207C22A2C3E859900F0B9A1;
			remoteInfo = WeatherApp;
		};
		A207C2462C3E859B00F0B9A1 /* PBXContainerItemProxy */ = {
			isa = PBXContainerItemProxy;
			containerPortal = A207C2232C3E859900F0B9A1 /* Project object */;
			proxyType = 1;
			remoteGlobalIDString = A207C22A2C3E859900F0B9A1;
			remoteInfo = WeatherApp;
		};
/* End PBXContainerItemProxy section */

/* Begin PBXFileReference section */
		A207C22B2C3E859900F0B9A1 /* WeatherApp.app */ = {isa = PBXFileReference; explicitFileType = wrapper.application; includeInIndex = 0; path = WeatherApp.app; sourceTree = BUILT_PRODUCTS_DIR; };
		A207C22E2C3E859900F0B9A1 /* WeatherAppApp.swift */ = {isa = PBXFileReference; lastKnownFileType = sourcecode.swift; path = WeatherAppApp.swift; sourceTree = "<group>"; };
		A207C2302C3E859900F0B9A1 /* ContentView.swift */ = {isa = PBXFileReference; lastKnownFileType = sourcecode.swift; path = ContentView.swift; sourceTree = "<group>"; };
		A207C2322C3E859B00F0B9A1 /* Assets.xcassets */ = {isa = PBXFileReference; lastKnownFileType = folder.assetcatalog; path = Assets.xcassets; sourceTree = "<group>"; };
		A207C2352C3E859B00F0B9A1 /* Preview Assets.xcassets */ = {isa = PBXFileReference; lastKnownFileType = folder.assetcatalog; path = "Preview Assets.xcassets"; sourceTree = "<group>"; };
		A207C23B2C3E859B00F0B9A1 /* WeatherAppTests.xctest */ = {isa = PBXFileReference; explicitFileType = wrapper.cfbundle; includeInIndex = 0; path = WeatherAppTests.xctest; sourceTree = BUILT_PRODUCTS_DIR; };
		A207C23F2C3E859B00F0B9A1 /* WeatherAppTests.swift */ = {isa = PBXFileReference; lastKnownFileType = sourcecode.swift; path = WeatherAppTests.swift; sourceTree = "<group>"; };
		A207C2452C3E859B00F0B9A1 /* WeatherAppUITests.xctest */ = {isa = PBXFileReference; explicitFileType = wrapper.cfbundle; includeInIndex = 0; path = WeatherAppUITests.xctest; sourceTree = BUILT_PRODUCTS_DIR; };
		A207C2492C3E859B00F0B9A1 /* WeatherAppUITests.swift */ = {isa = PBXFileReference; lastKnownFileType = sourcecode.swift; path = WeatherAppUITests.swift; sourceTree = "<group>"; };
		A207C24B2C3E859B00F0B9A1 /* WeatherAppUITestsLaunchTests.swift */ = {isa = PBXFileReference; lastKnownFileType = sourcecode.swift; path = WeatherAppUITestsLaunchTests.swift; sourceTree = "<group>"; };
		A207C2582C3E85D700F0B9A1 /* WeatherApp.entitlements */ = {isa = PBXFileReference; lastKnownFileType = text.plist.entitlements; path = WeatherApp.entitlements; sourceTree = "<group>"; };
		A207C2A32C40D2E200F0B9A1 /* WeatherViewModel.swift */ = {isa = PBXFileReference; lastKnownFileType = sourcecode.swift; path = WeatherViewModel.swift; sourceTree = "<group>"; };
		A207C2A52C40D2EC00F0B9A1 /* LocationViewModel.swift */ = {isa = PBXFileReference; lastKnownFileType = sourcecode.swift; path = LocationViewModel.swift; sourceTree = "<group>"; };
		A207C2A82C40D30800F0B9A1 /* WeatherModel.swift */ = {isa = PBXFileReference; lastKnownFileType = sourcecode.swift; path = WeatherModel.swift; sourceTree = "<group>"; };
		A207C2AC2C40D33800F0B9A1 /* LocationManager.swift */ = {isa = PBXFileReference; lastKnownFileType = sourcecode.swift; path = LocationManager.swift; sourceTree = "<group>"; };
		A207C2AE2C40D36900F0B9A1 /* WeatherServiceProtocol.swift */ = {isa = PBXFileReference; lastKnownFileType = sourcecode.swift; path = WeatherServiceProtocol.swift; sourceTree = "<group>"; };
		A207C2B22C40D38600F0B9A1 /* WeatherService.swift */ = {isa = PBXFileReference; lastKnownFileType = sourcecode.swift; path = WeatherService.swift; sourceTree = "<group>"; };
/* End PBXFileReference section */

/* Begin PBXFrameworksBuildPhase section */
		A207C2282C3E859900F0B9A1 /* Frameworks */ = {
			isa = PBXFrameworksBuildPhase;
			buildActionMask = 2147483647;
			files = (
			);
			runOnlyForDeploymentPostprocessing = 0;
		};
		A207C2382C3E859B00F0B9A1 /* Frameworks */ = {
			isa = PBXFrameworksBuildPhase;
			buildActionMask = 2147483647;
			files = (
			);
			runOnlyForDeploymentPostprocessing = 0;
		};
		A207C2422C3E859B00F0B9A1 /* Frameworks */ = {
			isa = PBXFrameworksBuildPhase;
			buildActionMask = 2147483647;
			files = (
			);
			runOnlyForDeploymentPostprocessing = 0;
		};
/* End PBXFrameworksBuildPhase section */

/* Begin PBXGroup section */
		A207C2222C3E859900F0B9A1 = {
			isa = PBXGroup;
			children = (
				A207C22D2C3E859900F0B9A1 /* WeatherApp */,
				A207C23E2C3E859B00F0B9A1 /* WeatherAppTests */,
				A207C2482C3E859B00F0B9A1 /* WeatherAppUITests */,
				A207C22C2C3E859900F0B9A1 /* Products */,
			);
			sourceTree = "<group>";
		};
		A207C22C2C3E859900F0B9A1 /* Products */ = {
			isa = PBXGroup;
			children = (
				A207C22B2C3E859900F0B9A1 /* WeatherApp.app */,
				A207C23B2C3E859B00F0B9A1 /* WeatherAppTests.xctest */,
				A207C2452C3E859B00F0B9A1 /* WeatherAppUITests.xctest */,
			);
			name = Products;
			sourceTree = "<group>";
		};
		A207C22D2C3E859900F0B9A1 /* WeatherApp */ = {
			isa = PBXGroup;
			children = (
				A207C2AB2C40D32B00F0B9A1 /* Utilities */,
				A207C2AA2C40D32400F0B9A1 /* Services */,
				A207C2A22C40D22B00F0B9A1 /* ViewModels */,
				A207C25A2C3E85FD00F0B9A1 /* Models */,
				A207C2592C3E85F400F0B9A1 /* Views */,
				A207C2582C3E85D700F0B9A1 /* WeatherApp.entitlements */,
				A207C22E2C3E859900F0B9A1 /* WeatherAppApp.swift */,
				A207C2322C3E859B00F0B9A1 /* Assets.xcassets */,
				A207C2342C3E859B00F0B9A1 /* Preview Content */,
			);
			path = WeatherApp;
			sourceTree = "<group>";
		};
		A207C2342C3E859B00F0B9A1 /* Preview Content */ = {
			isa = PBXGroup;
			children = (
				A207C2352C3E859B00F0B9A1 /* Preview Assets.xcassets */,
			);
			path = "Preview Content";
			sourceTree = "<group>";
		};
		A207C23E2C3E859B00F0B9A1 /* WeatherAppTests */ = {
			isa = PBXGroup;
			children = (
				A207C23F2C3E859B00F0B9A1 /* WeatherAppTests.swift */,
			);
			path = WeatherAppTests;
			sourceTree = "<group>";
		};
		A207C2482C3E859B00F0B9A1 /* WeatherAppUITests */ = {
			isa = PBXGroup;
			children = (
				A207C2492C3E859B00F0B9A1 /* WeatherAppUITests.swift */,
				A207C24B2C3E859B00F0B9A1 /* WeatherAppUITestsLaunchTests.swift */,
			);
			path = WeatherAppUITests;
			sourceTree = "<group>";
		};
		A207C2592C3E85F400F0B9A1 /* Views */ = {
			isa = PBXGroup;
			children = (
				A207C2302C3E859900F0B9A1 /* ContentView.swift */,
			);
			path = Views;
			sourceTree = "<group>";
		};
		A207C25A2C3E85FD00F0B9A1 /* Models */ = {
			isa = PBXGroup;
			children = (
				A207C2A82C40D30800F0B9A1 /* WeatherModel.swift */,
			);
			path = Models;
			sourceTree = "<group>";
		};
		A207C2A22C40D22B00F0B9A1 /* ViewModels */ = {
			isa = PBXGroup;
			children = (
				A207C2A32C40D2E200F0B9A1 /* WeatherViewModel.swift */,
				A207C2A52C40D2EC00F0B9A1 /* LocationViewModel.swift */,
			);
			path = ViewModels;
			sourceTree = "<group>";
		};
		A207C2AA2C40D32400F0B9A1 /* Services */ = {
			isa = PBXGroup;
			children = (
				A207C2AE2C40D36900F0B9A1 /* WeatherServiceProtocol.swift */,
				A207C2B22C40D38600F0B9A1 /* WeatherService.swift */,
			);
			path = Services;
			sourceTree = "<group>";
		};
		A207C2AB2C40D32B00F0B9A1 /* Utilities */ = {
			isa = PBXGroup;
			children = (
				A207C2AC2C40D33800F0B9A1 /* LocationManager.swift */,
			);
			name = Utilities;
			sourceTree = "<group>";
		};
/* End PBXGroup section */

/* Begin PBXNativeTarget section */
		A207C22A2C3E859900F0B9A1 /* WeatherApp */ = {
			isa = PBXNativeTarget;
			buildConfigurationList = A207C24F2C3E859B00F0B9A1 /* Build configuration list for PBXNativeTarget "WeatherApp" */;
			buildPhases = (
				A207C2272C3E859900F0B9A1 /* Sources */,
				A207C2282C3E859900F0B9A1 /* Frameworks */,
				A207C2292C3E859900F0B9A1 /* Resources */,
			);
			buildRules = (
			);
			dependencies = (
			);
			name = WeatherApp;
			productName = WeatherApp;
			productReference = A207C22B2C3E859900F0B9A1 /* WeatherApp.app */;
			productType = "com.apple.product-type.application";
		};
		A207C23A2C3E859B00F0B9A1 /* WeatherAppTests */ = {
			isa = PBXNativeTarget;
			buildConfigurationList = A207C2522C3E859B00F0B9A1 /* Build configuration list for PBXNativeTarget "WeatherAppTests" */;
			buildPhases = (
				A207C2372C3E859B00F0B9A1 /* Sources */,
				A207C2382C3E859B00F0B9A1 /* Frameworks */,
				A207C2392C3E859B00F0B9A1 /* Resources */,
			);
			buildRules = (
			);
			dependencies = (
				A207C23D2C3E859B00F0B9A1 /* PBXTargetDependency */,
			);
			name = WeatherAppTests;
			productName = WeatherAppTests;
			productReference = A207C23B2C3E859B00F0B9A1 /* WeatherAppTests.xctest */;
			productType = "com.apple.product-type.bundle.unit-test";
		};
		A207C2442C3E859B00F0B9A1 /* WeatherAppUITests */ = {
			isa = PBXNativeTarget;
			buildConfigurationList = A207C2552C3E859B00F0B9A1 /* Build configuration list for PBXNativeTarget "WeatherAppUITests" */;
			buildPhases = (
				A207C2412C3E859B00F0B9A1 /* Sources */,
				A207C2422C3E859B00F0B9A1 /* Frameworks */,
				A207C2432C3E859B00F0B9A1 /* Resources */,
			);
			buildRules = (
			);
			dependencies = (
				A207C2472C3E859B00F0B9A1 /* PBXTargetDependency */,
			);
			name = WeatherAppUITests;
			productName = WeatherAppUITests;
			productReference = A207C2452C3E859B00F0B9A1 /* WeatherAppUITests.xctest */;
			productType = "com.apple.product-type.bundle.ui-testing";
		};
/* End PBXNativeTarget section */

/* Begin PBXProject section */
		A207C2232C3E859900F0B9A1 /* Project object */ = {
			isa = PBXProject;
			attributes = {
				BuildIndependentTargetsInParallel = 1;
				LastSwiftUpdateCheck = 1520;
				LastUpgradeCheck = 1520;
				TargetAttributes = {
					A207C22A2C3E859900F0B9A1 = {
						CreatedOnToolsVersion = 15.2;
					};
					A207C23A2C3E859B00F0B9A1 = {
						CreatedOnToolsVersion = 15.2;
						TestTargetID = A207C22A2C3E859900F0B9A1;
					};
					A207C2442C3E859B00F0B9A1 = {
						CreatedOnToolsVersion = 15.2;
						TestTargetID = A207C22A2C3E859900F0B9A1;
					};
				};
			};
			buildConfigurationList = A207C2262C3E859900F0B9A1 /* Build configuration list for PBXProject "WeatherApp" */;
			compatibilityVersion = "Xcode 14.0";
			developmentRegion = en;
			hasScannedForEncodings = 0;
			knownRegions = (
				en,
				Base,
			);
			mainGroup = A207C2222C3E859900F0B9A1;
			productRefGroup = A207C22C2C3E859900F0B9A1 /* Products */;
			projectDirPath = "";
			projectRoot = "";
			targets = (
				A207C22A2C3E859900F0B9A1 /* WeatherApp */,
				A207C23A2C3E859B00F0B9A1 /* WeatherAppTests */,
				A207C2442C3E859B00F0B9A1 /* WeatherAppUITests */,
			);
		};
/* End PBXProject section */

/* Begin PBXResourcesBuildPhase section */
		A207C2292C3E859900F0B9A1 /* Resources */ = {
			isa = PBXResourcesBuildPhase;
			buildActionMask = 2147483647;
			files = (
				A207C2362C3E859B00F0B9A1 /* Preview Assets.xcassets in Resources */,
				A207C2332C3E859B00F0B9A1 /* Assets.xcassets in Resources */,
			);
			runOnlyForDeploymentPostprocessing = 0;
		};
		A207C2392C3E859B00F0B9A1 /* Resources */ = {
			isa = PBXResourcesBuildPhase;
			buildActionMask = 2147483647;
			files = (
			);
			runOnlyForDeploymentPostprocessing = 0;
		};
		A207C2432C3E859B00F0B9A1 /* Resources */ = {
			isa = PBXResourcesBuildPhase;
			buildActionMask = 2147483647;
			files = (
			);
			runOnlyForDeploymentPostprocessing = 0;
		};
/* End PBXResourcesBuildPhase section */

/* Begin PBXSourcesBuildPhase section */
		A207C2272C3E859900F0B9A1 /* Sources */ = {
			isa = PBXSourcesBuildPhase;
			buildActionMask = 2147483647;
			files = (
				A207C2B32C40D38600F0B9A1 /* WeatherService.swift in Sources */,
				A207C2AF2C40D36900F0B9A1 /* WeatherServiceProtocol.swift in Sources */,
				A207C2A42C40D2E200F0B9A1 /* WeatherViewModel.swift in Sources */,
				A207C2A62C40D2EC00F0B9A1 /* LocationViewModel.swift in Sources */,
				A207C2A92C40D30800F0B9A1 /* WeatherModel.swift in Sources */,
				A207C2AD2C40D33800F0B9A1 /* LocationManager.swift in Sources */,
				A207C2312C3E859900F0B9A1 /* ContentView.swift in Sources */,
				A207C22F2C3E859900F0B9A1 /* WeatherAppApp.swift in Sources */,
			);
			runOnlyForDeploymentPostprocessing = 0;
		};
		A207C2372C3E859B00F0B9A1 /* Sources */ = {
			isa = PBXSourcesBuildPhase;
			buildActionMask = 2147483647;
			files = (
				A207C2402C3E859B00F0B9A1 /* WeatherAppTests.swift in Sources */,
			);
			runOnlyForDeploymentPostprocessing = 0;
		};
		A207C2412C3E859B00F0B9A1 /* Sources */ = {
			isa = PBXSourcesBuildPhase;
			buildActionMask = 2147483647;
			files = (
				A207C24A2C3E859B00F0B9A1 /* WeatherAppUITests.swift in Sources */,
				A207C24C2C3E859B00F0B9A1 /* WeatherAppUITestsLaunchTests.swift in Sources */,
			);
			runOnlyForDeploymentPostprocessing = 0;
		};
/* End PBXSourcesBuildPhase section */

/* Begin PBXTargetDependency section */
		A207C23D2C3E859B00F0B9A1 /* PBXTargetDependency */ = {
			isa = PBXTargetDependency;
			target = A207C22A2C3E859900F0B9A1 /* WeatherApp */;
			targetProxy = A207C23C2C3E859B00F0B9A1 /* PBXContainerItemProxy */;
		};
		A207C2472C3E859B00F0B9A1 /* PBXTargetDependency */ = {
			isa = PBXTargetDependency;
			target = A207C22A2C3E859900F0B9A1 /* WeatherApp */;
			targetProxy = A207C2462C3E859B00F0B9A1 /* PBXContainerItemProxy */;
		};
/* End PBXTargetDependency section */

/* Begin XCBuildConfiguration section */
		A207C24D2C3E859B00F0B9A1 /* Debug */ = {
			isa = XCBuildConfiguration;
			buildSettings = {
				ALWAYS_SEARCH_USER_PATHS = NO;
				ASSETCATALOG_COMPILER_GENERATE_SWIFT_ASSET_SYMBOL_EXTENSIONS = YES;
				CLANG_ANALYZER_NONNULL = YES;
				CLANG_ANALYZER_NUMBER_OBJECT_CONVERSION = YES_AGGRESSIVE;
				CLANG_CXX_LANGUAGE_STANDARD = "gnu++20";
				CLANG_ENABLE_MODULES = YES;
				CLANG_ENABLE_OBJC_ARC = YES;
				CLANG_ENABLE_OBJC_WEAK = YES;
				CLANG_WARN_BLOCK_CAPTURE_AUTORELEASING = YES;
				CLANG_WARN_BOOL_CONVERSION = YES;
				CLANG_WARN_COMMA = YES;
				CLANG_WARN_CONSTANT_CONVERSION = YES;
				CLANG_WARN_DEPRECATED_OBJC_IMPLEMENTATIONS = YES;
				CLANG_WARN_DIRECT_OBJC_ISA_USAGE = YES_ERROR;
				CLANG_WARN_DOCUMENTATION_COMMENTS = YES;
				CLANG_WARN_EMPTY_BODY = YES;
				CLANG_WARN_ENUM_CONVERSION = YES;
				CLANG_WARN_INFINITE_RECURSION = YES;
				CLANG_WARN_INT_CONVERSION = YES;
				CLANG_WARN_NON_LITERAL_NULL_CONVERSION = YES;
				CLANG_WARN_OBJC_IMPLICIT_RETAIN_SELF = YES;
				CLANG_WARN_OBJC_LITERAL_CONVERSION = YES;
				CLANG_WARN_OBJC_ROOT_CLASS = YES_ERROR;
				CLANG_WARN_QUOTED_INCLUDE_IN_FRAMEWORK_HEADER = YES;
				CLANG_WARN_RANGE_LOOP_ANALYSIS = YES;
				CLANG_WARN_STRICT_PROTOTYPES = YES;
				CLANG_WARN_SUSPICIOUS_MOVE = YES;
				CLANG_WARN_UNGUARDED_AVAILABILITY = YES_AGGRESSIVE;
				CLANG_WARN_UNREACHABLE_CODE = YES;
				CLANG_WARN__DUPLICATE_METHOD_MATCH = YES;
				COPY_PHASE_STRIP = NO;
				DEBUG_INFORMATION_FORMAT = dwarf;
				ENABLE_STRICT_OBJC_MSGSEND = YES;
				ENABLE_TESTABILITY = YES;
				ENABLE_USER_SCRIPT_SANDBOXING = YES;
				GCC_C_LANGUAGE_STANDARD = gnu17;
				GCC_DYNAMIC_NO_PIC = NO;
				GCC_NO_COMMON_BLOCKS = YES;
				GCC_OPTIMIZATION_LEVEL = 0;
				GCC_PREPROCESSOR_DEFINITIONS = (
					"DEBUG=1",
					"$(inherited)",
				);
				GCC_WARN_64_TO_32_BIT_CONVERSION = YES;
				GCC_WARN_ABOUT_RETURN_TYPE = YES_ERROR;
				GCC_WARN_UNDECLARED_SELECTOR = YES;
				GCC_WARN_UNINITIALIZED_AUTOS = YES_AGGRESSIVE;
				GCC_WARN_UNUSED_FUNCTION = YES;
				GCC_WARN_UNUSED_VARIABLE = YES;
				IPHONEOS_DEPLOYMENT_TARGET = 17.2;
				LOCALIZATION_PREFERS_STRING_CATALOGS = YES;
				MTL_ENABLE_DEBUG_INFO = INCLUDE_SOURCE;
				MTL_FAST_MATH = YES;
				ONLY_ACTIVE_ARCH = YES;
				SDKROOT = iphoneos;
				SWIFT_ACTIVE_COMPILATION_CONDITIONS = "DEBUG $(inherited)";
				SWIFT_OPTIMIZATION_LEVEL = "-Onone";
			};
			name = Debug;
		};
		A207C24E2C3E859B00F0B9A1 /* Release */ = {
			isa = XCBuildConfiguration;
			buildSettings = {
				ALWAYS_SEARCH_USER_PATHS = NO;
				ASSETCATALOG_COMPILER_GENERATE_SWIFT_ASSET_SYMBOL_EXTENSIONS = YES;
				CLANG_ANALYZER_NONNULL = YES;
				CLANG_ANALYZER_NUMBER_OBJECT_CONVERSION = YES_AGGRESSIVE;
				CLANG_CXX_LANGUAGE_STANDARD = "gnu++20";
				CLANG_ENABLE_MODULES = YES;
				CLANG_ENABLE_OBJC_ARC = YES;
				CLANG_ENABLE_OBJC_WEAK = YES;
				CLANG_WARN_BLOCK_CAPTURE_AUTORELEASING = YES;
				CLANG_WARN_BOOL_CONVERSION = YES;
				CLANG_WARN_COMMA = YES;
				CLANG_WARN_CONSTANT_CONVERSION = YES;
				CLANG_WARN_DEPRECATED_OBJC_IMPLEMENTATIONS = YES;
				CLANG_WARN_DIRECT_OBJC_ISA_USAGE = YES_ERROR;
				CLANG_WARN_DOCUMENTATION_COMMENTS = YES;
				CLANG_WARN_EMPTY_BODY = YES;
				CLANG_WARN_ENUM_CONVERSION = YES;
				CLANG_WARN_INFINITE_RECURSION = YES;
				CLANG_WARN_INT_CONVERSION = YES;
				CLANG_WARN_NON_LITERAL_NULL_CONVERSION = YES;
				CLANG_WARN_OBJC_IMPLICIT_RETAIN_SELF = YES;
				CLANG_WARN_OBJC_LITERAL_CONVERSION = YES;
				CLANG_WARN_OBJC_ROOT_CLASS = YES_ERROR;
				CLANG_WARN_QUOTED_INCLUDE_IN_FRAMEWORK_HEADER = YES;
				CLANG_WARN_RANGE_LOOP_ANALYSIS = YES;
				CLANG_WARN_STRICT_PROTOTYPES = YES;
				CLANG_WARN_SUSPICIOUS_MOVE = YES;
				CLANG_WARN_UNGUARDED_AVAILABILITY = YES_AGGRESSIVE;
				CLANG_WARN_UNREACHABLE_CODE = YES;
				CLANG_WARN__DUPLICATE_METHOD_MATCH = YES;
				COPY_PHASE_STRIP = NO;
				DEBUG_INFORMATION_FORMAT = "dwarf-with-dsym";
				ENABLE_NS_ASSERTIONS = NO;
				ENABLE_STRICT_OBJC_MSGSEND = YES;
				ENABLE_USER_SCRIPT_SANDBOXING = YES;
				GCC_C_LANGUAGE_STANDARD = gnu17;
				GCC_NO_COMMON_BLOCKS = YES;
				GCC_WARN_64_TO_32_BIT_CONVERSION = YES;
				GCC_WARN_ABOUT_RETURN_TYPE = YES_ERROR;
				GCC_WARN_UNDECLARED_SELECTOR = YES;
				GCC_WARN_UNINITIALIZED_AUTOS = YES_AGGRESSIVE;
				GCC_WARN_UNUSED_FUNCTION = YES;
				GCC_WARN_UNUSED_VARIABLE = YES;
				IPHONEOS_DEPLOYMENT_TARGET = 17.2;
				LOCALIZATION_PREFERS_STRING_CATALOGS = YES;
				MTL_ENABLE_DEBUG_INFO = NO;
				MTL_FAST_MATH = YES;
				SDKROOT = iphoneos;
				SWIFT_COMPILATION_MODE = wholemodule;
				VALIDATE_PRODUCT = YES;
			};
			name = Release;
		};
		A207C2502C3E859B00F0B9A1 /* Debug */ = {
			isa = XCBuildConfiguration;
			buildSettings = {
				ASSETCATALOG_COMPILER_APPICON_NAME = AppIcon;
				ASSETCATALOG_COMPILER_GLOBAL_ACCENT_COLOR_NAME = AccentColor;
				CODE_SIGN_ENTITLEMENTS = WeatherApp/WeatherApp.entitlements;
				CODE_SIGN_IDENTITY = "Apple Development";
				CODE_SIGN_STYLE = Automatic;
				CURRENT_PROJECT_VERSION = 1;
				DEVELOPMENT_ASSET_PATHS = "\"WeatherApp/Preview Content\"";
				DEVELOPMENT_TEAM = FTP77G36XW;
				ENABLE_PREVIEWS = YES;
				GENERATE_INFOPLIST_FILE = YES;
				INFOPLIST_KEY_NSLocationWhenInUseUsageDescription = "To get the weather for your location";
				INFOPLIST_KEY_UIApplicationSceneManifest_Generation = YES;
				INFOPLIST_KEY_UIApplicationSupportsIndirectInputEvents = YES;
				INFOPLIST_KEY_UILaunchScreen_Generation = YES;
				INFOPLIST_KEY_UISupportedInterfaceOrientations_iPad = "UIInterfaceOrientationPortrait UIInterfaceOrientationPortraitUpsideDown UIInterfaceOrientationLandscapeLeft UIInterfaceOrientationLandscapeRight";
				INFOPLIST_KEY_UISupportedInterfaceOrientations_iPhone = "UIInterfaceOrientationPortrait UIInterfaceOrientationLandscapeLeft UIInterfaceOrientationLandscapeRight";
				LD_RUNPATH_SEARCH_PATHS = (
					"$(inherited)",
					"@executable_path/Frameworks",
				);
				MARKETING_VERSION = 1.0;
				PRODUCT_BUNDLE_IDENTIFIER = "com.anthony-gufron.WeatherApp";
				PRODUCT_NAME = "$(TARGET_NAME)";
				PROVISIONING_PROFILE_SPECIFIER = "";
				SUPPORTED_PLATFORMS = "iphoneos iphonesimulator";
				SUPPORTS_MACCATALYST = NO;
				SUPPORTS_MAC_DESIGNED_FOR_IPHONE_IPAD = NO;
				SUPPORTS_XR_DESIGNED_FOR_IPHONE_IPAD = NO;
				SWIFT_EMIT_LOC_STRINGS = YES;
				SWIFT_VERSION = 5.0;
				TARGETED_DEVICE_FAMILY = "1,2";
			};
			name = Debug;
		};
		A207C2512C3E859B00F0B9A1 /* Release */ = {
			isa = XCBuildConfiguration;
			buildSettings = {
				ASSETCATALOG_COMPILER_APPICON_NAME = AppIcon;
				ASSETCATALOG_COMPILER_GLOBAL_ACCENT_COLOR_NAME = AccentColor;
				CODE_SIGN_ENTITLEMENTS = WeatherApp/WeatherApp.entitlements;
				CODE_SIGN_IDENTITY = "Apple Development";
				CODE_SIGN_STYLE = Automatic;
				CURRENT_PROJECT_VERSION = 1;
				DEVELOPMENT_ASSET_PATHS = "\"WeatherApp/Preview Content\"";
				DEVELOPMENT_TEAM = FTP77G36XW;
				ENABLE_PREVIEWS = YES;
				GENERATE_INFOPLIST_FILE = YES;
				INFOPLIST_KEY_NSLocationWhenInUseUsageDescription = "To get the weather for your location";
				INFOPLIST_KEY_UIApplicationSceneManifest_Generation = YES;
				INFOPLIST_KEY_UIApplicationSupportsIndirectInputEvents = YES;
				INFOPLIST_KEY_UILaunchScreen_Generation = YES;
				INFOPLIST_KEY_UISupportedInterfaceOrientations_iPad = "UIInterfaceOrientationPortrait UIInterfaceOrientationPortraitUpsideDown UIInterfaceOrientationLandscapeLeft UIInterfaceOrientationLandscapeRight";
				INFOPLIST_KEY_UISupportedInterfaceOrientations_iPhone = "UIInterfaceOrientationPortrait UIInterfaceOrientationLandscapeLeft UIInterfaceOrientationLandscapeRight";
				LD_RUNPATH_SEARCH_PATHS = (
					"$(inherited)",
					"@executable_path/Frameworks",
				);
				MARKETING_VERSION = 1.0;
				PRODUCT_BUNDLE_IDENTIFIER = "com.anthony-gufron.WeatherApp";
				PRODUCT_NAME = "$(TARGET_NAME)";
				PROVISIONING_PROFILE_SPECIFIER = "";
				SUPPORTED_PLATFORMS = "iphoneos iphonesimulator";
				SUPPORTS_MACCATALYST = NO;
				SUPPORTS_MAC_DESIGNED_FOR_IPHONE_IPAD = NO;
				SUPPORTS_XR_DESIGNED_FOR_IPHONE_IPAD = NO;
				SWIFT_EMIT_LOC_STRINGS = YES;
				SWIFT_VERSION = 5.0;
				TARGETED_DEVICE_FAMILY = "1,2";
			};
			name = Release;
		};
		A207C2532C3E859B00F0B9A1 /* Debug */ = {
			isa = XCBuildConfiguration;
			buildSettings = {
				ALWAYS_EMBED_SWIFT_STANDARD_LIBRARIES = YES;
				BUNDLE_LOADER = "$(TEST_HOST)";
				CODE_SIGN_STYLE = Automatic;
				CURRENT_PROJECT_VERSION = 1;
				DEVELOPMENT_TEAM = FTP77G36XW;
				GENERATE_INFOPLIST_FILE = YES;
				IPHONEOS_DEPLOYMENT_TARGET = 17.2;
				MARKETING_VERSION = 1.0;
				PRODUCT_BUNDLE_IDENTIFIER = "com.anthony-gufron.WeatherAppTests";
				PRODUCT_NAME = "$(TARGET_NAME)";
				SWIFT_EMIT_LOC_STRINGS = NO;
				SWIFT_VERSION = 5.0;
				TARGETED_DEVICE_FAMILY = "1,2";
				TEST_HOST = "$(BUILT_PRODUCTS_DIR)/WeatherApp.app/$(BUNDLE_EXECUTABLE_FOLDER_PATH)/WeatherApp";
			};
			name = Debug;
		};
		A207C2542C3E859B00F0B9A1 /* Release */ = {
			isa = XCBuildConfiguration;
			buildSettings = {
				ALWAYS_EMBED_SWIFT_STANDARD_LIBRARIES = YES;
				BUNDLE_LOADER = "$(TEST_HOST)";
				CODE_SIGN_STYLE = Automatic;
				CURRENT_PROJECT_VERSION = 1;
				DEVELOPMENT_TEAM = FTP77G36XW;
				GENERATE_INFOPLIST_FILE = YES;
				IPHONEOS_DEPLOYMENT_TARGET = 17.2;
				MARKETING_VERSION = 1.0;
				PRODUCT_BUNDLE_IDENTIFIER = "com.anthony-gufron.WeatherAppTests";
				PRODUCT_NAME = "$(TARGET_NAME)";
				SWIFT_EMIT_LOC_STRINGS = NO;
				SWIFT_VERSION = 5.0;
				TARGETED_DEVICE_FAMILY = "1,2";
				TEST_HOST = "$(BUILT_PRODUCTS_DIR)/WeatherApp.app/$(BUNDLE_EXECUTABLE_FOLDER_PATH)/WeatherApp";
			};
			name = Release;
		};
		A207C2562C3E859B00F0B9A1 /* Debug */ = {
			isa = XCBuildConfiguration;
			buildSettings = {
				ALWAYS_EMBED_SWIFT_STANDARD_LIBRARIES = YES;
				CODE_SIGN_STYLE = Automatic;
				CURRENT_PROJECT_VERSION = 1;
				DEVELOPMENT_TEAM = FTP77G36XW;
				GENERATE_INFOPLIST_FILE = YES;
				MARKETING_VERSION = 1.0;
				PRODUCT_BUNDLE_IDENTIFIER = "com.anthony-gufron.WeatherAppUITests";
				PRODUCT_NAME = "$(TARGET_NAME)";
				SWIFT_EMIT_LOC_STRINGS = NO;
				SWIFT_VERSION = 5.0;
				TARGETED_DEVICE_FAMILY = "1,2";
				TEST_TARGET_NAME = WeatherApp;
			};
			name = Debug;
		};
		A207C2572C3E859B00F0B9A1 /* Release */ = {
			isa = XCBuildConfiguration;
			buildSettings = {
				ALWAYS_EMBED_SWIFT_STANDARD_LIBRARIES = YES;
				CODE_SIGN_STYLE = Automatic;
				CURRENT_PROJECT_VERSION = 1;
				DEVELOPMENT_TEAM = FTP77G36XW;
				GENERATE_INFOPLIST_FILE = YES;
				MARKETING_VERSION = 1.0;
				PRODUCT_BUNDLE_IDENTIFIER = "com.anthony-gufron.WeatherAppUITests";
				PRODUCT_NAME = "$(TARGET_NAME)";
				SWIFT_EMIT_LOC_STRINGS = NO;
				SWIFT_VERSION = 5.0;
				TARGETED_DEVICE_FAMILY = "1,2";
				TEST_TARGET_NAME = WeatherApp;
			};
			name = Release;
		};
/* End XCBuildConfiguration section */

/* Begin XCConfigurationList section */
		A207C2262C3E859900F0B9A1 /* Build configuration list for PBXProject "WeatherApp" */ = {
			isa = XCConfigurationList;
			buildConfigurations = (
				A207C24D2C3E859B00F0B9A1 /* Debug */,
				A207C24E2C3E859B00F0B9A1 /* Release */,
			);
			defaultConfigurationIsVisible = 0;
			defaultConfigurationName = Release;
		};
		A207C24F2C3E859B00F0B9A1 /* Build configuration list for PBXNativeTarget "WeatherApp" */ = {
			isa = XCConfigurationList;
			buildConfigurations = (
				A207C2502C3E859B00F0B9A1 /* Debug */,
				A207C2512C3E859B00F0B9A1 /* Release */,
			);
			defaultConfigurationIsVisible = 0;
			defaultConfigurationName = Release;
		};
		A207C2522C3E859B00F0B9A1 /* Build configuration list for PBXNativeTarget "WeatherAppTests" */ = {
			isa = XCConfigurationList;
			buildConfigurations = (
				A207C2532C3E859B00F0B9A1 /* Debug */,
				A207C2542C3E859B00F0B9A1 /* Release */,
			);
			defaultConfigurationIsVisible = 0;
			defaultConfigurationName = Release;
		};
		A207C2552C3E859B00F0B9A1 /* Build configuration list for PBXNativeTarget "WeatherAppUITests" */ = {
			isa = XCConfigurationList;
			buildConfigurations = (
				A207C2562C3E859B00F0B9A1 /* Debug */,
				A207C2572C3E859B00F0B9A1 /* Release */,
			);
			defaultConfigurationIsVisible = 0;
			defaultConfigurationName = Release;
		};
/* End XCConfigurationList section */
	};
	rootObject = A207C2232C3E859900F0B9A1 /* Project object */;
}
